
Microsoft Visual Studio Solution File, Format Version 12.00
# Visual Studio Version 16
VisualStudioVersion = 16.0.808.6
MinimumVisualStudioVersion = 10.0.40219.1
Project("{F2A71F9B-5D33-465A-A702-920D77279786}") = "recursionNotes", "recursionNotes\recursionNotes.fsproj", "{C19B3E6B-EB4E-4611-9F75-A339861E22F2}"
EndProject
Global
	GlobalSection(SolutionConfigurationPlatforms) = preSolution
		Debug|Any CPU = Debug|Any CPU
		Release|Any CPU = Release|Any CPU
	EndGlobalSection
	GlobalSection(ProjectConfigurationPlatforms) = postSolution
		{C19B3E6B-EB4E-4611-9F75-A339861E22F2}.Debug|Any CPU.ActiveCfg = Debug|Any CPU
		{C19B3E6B-EB4E-4611-9F75-A339861E22F2}.Debug|Any CPU.Build.0 = Debug|Any CPU
		{C19B3E6B-EB4E-4611-9F75-A339861E22F2}.Release|Any CPU.ActiveCfg = Release|Any CPU
		{C19B3E6B-EB4E-4611-9F75-A339861E22F2}.Release|Any CPU.Build.0 = Release|Any CPU
	EndGlobalSection
	GlobalSection(SolutionProperties) = preSolution
		HideSolutionNode = FALSE
	EndGlobalSection
	GlobalSection(ExtensibilityGlobals) = postSolution
		SolutionGuid = {7DBDB093-CDB5-4353-B033-A6CA669F62E3}
	EndGlobalSection
EndGlobal
